Microsoft Visual Studio Solution File, Format Version 12.00
# Visual Studio Version 17
VisualStudioVersion = 17.5.2.0
MinimumVisualStudioVersion = 10.0.40219.1
Project("{2150E333-8FDC-42A3-9474-1A3956D46DE8}") = "sample-apps", "sample-apps", "{9620DEB7-9EDC-A275-A5A9-C1B625303503}"
EndProject
Project("{2150E333-8FDC-42A3-9474-1A3956D46DE8}") = "dotnet", "dotnet", "{CE3F8608-FC11-D0E7-168E-A1FEAA9053EC}"
EndProject
Project("{FAE04EC0-301F-11D3-BF4B-00C04F79EFBC}") = "asp_remote_service", "sample-apps\dotnet\asp_remote_service\asp_remote_service.csproj", "{7DB37DA4-8925-1A12-9299-5D1F6A3A54C5}"
EndProject
Project("{FAE04EC0-301F-11D3-BF4B-00C04F79EFBC}") = "asp_frontend_service", "sample-apps\dotnet\asp_frontend_service\asp_frontend_service.csproj", "{FE31B878-A9AF-CA9E-3DE6-DAEB1DC37FDF}"
EndProject
Global
	GlobalSection(SolutionConfigurationPlatforms) = preSolution
		Debug|Any CPU = Debug|Any CPU
		Release|Any CPU = Release|Any CPU
	EndGlobalSection
	GlobalSection(ProjectConfigurationPlatforms) = postSolution
		{7DB37DA4-8925-1A12-9299-5D1F6A3A54C5}.Debug|Any CPU.ActiveCfg = Debug|Any CPU
		{7DB37DA4-8925-1A12-9299-5D1F6A3A54C5}.Debug|Any CPU.Build.0 = Debug|Any CPU
		{7DB37DA4-8925-1A12-9299-5D1F6A3A54C5}.Release|Any CPU.ActiveCfg = Release|Any CPU
		{7DB37DA4-8925-1A12-9299-5D1F6A3A54C5}.Release|Any CPU.Build.0 = Release|Any CPU
		{FE31B878-A9AF-CA9E-3DE6-DAEB1DC37FDF}.Debug|Any CPU.ActiveCfg = Debug|Any CPU
		{FE31B878-A9AF-CA9E-3DE6-DAEB1DC37FDF}.Debug|Any CPU.Build.0 = Debug|Any CPU
		{FE31B878-A9AF-CA9E-3DE6-DAEB1DC37FDF}.Release|Any CPU.ActiveCfg = Release|Any CPU
		{FE31B878-A9AF-CA9E-3DE6-DAEB1DC37FDF}.Release|Any CPU.Build.0 = Release|Any CPU
	EndGlobalSection
	GlobalSection(SolutionProperties) = preSolution
		HideSolutionNode = FALSE
	EndGlobalSection
	GlobalSection(NestedProjects) = preSolution
		{CE3F8608-FC11-D0E7-168E-A1FEAA9053EC} = {9620DEB7-9EDC-A275-A5A9-C1B625303503}
		{7DB37DA4-8925-1A12-9299-5D1F6A3A54C5} = {CE3F8608-FC11-D0E7-168E-A1FEAA9053EC}
		{FE31B878-A9AF-CA9E-3DE6-DAEB1DC37FDF} = {CE3F8608-FC11-D0E7-168E-A1FEAA9053EC}
	EndGlobalSection
	GlobalSection(ExtensibilityGlobals) = postSolution
		SolutionGuid = {3E50A6B2-0E50-43B6-91B1-7DC7842716C3}
	EndGlobalSection
EndGlobal
