Microsoft Visual Studio Solution File, Format Version 12.00
# Visual Studio Version 17
VisualStudioVersion = 17.5.2.0
MinimumVisualStudioVersion = 10.0.40219.1
Project("{2150E333-8FDC-42A3-9474-1A3956D46DE8}") = "sample-apps", "sample-apps", "{9620DEB7-9EDC-A275-A5A9-C1B625303503}"
EndProject
Project("{2150E333-8FDC-42A3-9474-1A3956D46DE8}") = "mcp-testing", "mcp-testing", "{9CBDF551-ECE9-1535-9666-85EF06FD5CF7}"
EndProject
Project("{2150E333-8FDC-42A3-9474-1A3956D46DE8}") = "dotnet", "dotnet", "{CE3F8608-FC11-D0E7-168E-A1FEAA9053EC}"
EndProject
Project("{FAE04EC0-301F-11D3-BF4B-00C04F79EFBC}") = "asp_remote_service", "sample-apps\dotnet\asp_remote_service\asp_remote_service.csproj", "{7DB37DA4-8925-1A12-9299-5D1F6A3A54C5}"
EndProject
Project("{FAE04EC0-301F-11D3-BF4B-00C04F79EFBC}") = "asp_frontend_service", "sample-apps\dotnet\asp_frontend_service\asp_frontend_service.csproj", "{FE31B878-A9AF-CA9E-3DE6-DAEB1DC37FDF}"
EndProject
Project("{2150E333-8FDC-42A3-9474-1A3956D46DE8}") = "evals", "evals", "{1F41D984-9FBF-3FD1-1DFF-71C4B03510D0}"
EndProject
Project("{2150E333-8FDC-42A3-9474-1A3956D46DE8}") = "tasks", "tasks", "{7713884A-E1E4-6BEA-D5C4-7AD3689BC85B}"
EndProject
Project("{2150E333-8FDC-42A3-9474-1A3956D46DE8}") = "applicationsignals", "applicationsignals", "{A14CBCD2-E1CF-110F-B941-8CEB2F0C71F3}"
EndProject
Project("{2150E333-8FDC-42A3-9474-1A3956D46DE8}") = "samples", "samples", "{73F7AC09-A7ED-4C3C-6E80-9911E281E9A1}"
EndProject
Project("{2150E333-8FDC-42A3-9474-1A3956D46DE8}") = "get-enablement-guide-samples", "get-enablement-guide-samples", "{3F4CE773-E537-1D9A-8EFA-5BCF5C90933D}"
EndProject
Project("{2150E333-8FDC-42A3-9474-1A3956D46DE8}") = "infrastructure", "infrastructure", "{307F37E1-D16F-565F-4623-0DDD3F1B16CF}"
EndProject
Project("{2150E333-8FDC-42A3-9474-1A3956D46DE8}") = "lambda", "lambda", "{DAC3025E-B521-FCCC-0360-671E65AAB5E6}"
EndProject
Project("{2150E333-8FDC-42A3-9474-1A3956D46DE8}") = "dotnet-lambda", "dotnet-lambda", "{28E11814-B4D3-9862-0DB2-540BC966AF91}"
EndProject
Project("{FAE04EC0-301F-11D3-BF4B-00C04F79EFBC}") = "DotnetLambda", "mcp-testing\evals\tasks\applicationsignals\samples\get-enablement-guide-samples\infrastructure\lambda\dotnet-lambda\DotnetLambda.csproj", "{9C6F14C1-B867-A25D-0756-7AAF08AD40BF}"
EndProject
Project("{2150E333-8FDC-42A3-9474-1A3956D46DE8}") = "docker-apps", "docker-apps", "{CE1F1051-83AC-60BB-94FB-BA54064B97D6}"
EndProject
Project("{2150E333-8FDC-42A3-9474-1A3956D46DE8}") = "dotnet", "dotnet", "{0015B7BF-9860-F364-58B3-CCCA3422C757}"
EndProject
Project("{2150E333-8FDC-42A3-9474-1A3956D46DE8}") = "aspnetcore", "aspnetcore", "{B31C7B31-8673-2ED6-4C8F-1332292547DA}"
EndProject
Project("{FAE04EC0-301F-11D3-BF4B-00C04F79EFBC}") = "AspNetCoreApp", "mcp-testing\evals\tasks\applicationsignals\samples\get-enablement-guide-samples\docker-apps\dotnet\aspnetcore\AspNetCoreApp.csproj", "{2B4CC3E2-D4BD-A0BB-DDC6-396D9A307781}"
EndProject
Project("{2150E333-8FDC-42A3-9474-1A3956D46DE8}") = "framework", "framework", "{CAA72980-A1B7-3018-941C-5DBD3DB83197}"
EndProject
Project("{FAE04EC0-301F-11D3-BF4B-00C04F79EFBC}") = "FrameworkApp", "mcp-testing\evals\tasks\applicationsignals\samples\get-enablement-guide-samples\docker-apps\dotnet\framework\FrameworkApp.csproj", "{2E921EC3-09CA-221E-B22E-AC4F40CF4D7F}"
EndProject
Global
	GlobalSection(SolutionConfigurationPlatforms) = preSolution
		Debug|Any CPU = Debug|Any CPU
		Release|Any CPU = Release|Any CPU
	EndGlobalSection
	GlobalSection(ProjectConfigurationPlatforms) = postSolution
		{7DB37DA4-8925-1A12-9299-5D1F6A3A54C5}.Debug|Any CPU.ActiveCfg = Debug|Any CPU
		{7DB37DA4-8925-1A12-9299-5D1F6A3A54C5}.Debug|Any CPU.Build.0 = Debug|Any CPU
		{7DB37DA4-8925-1A12-9299-5D1F6A3A54C5}.Release|Any CPU.ActiveCfg = Release|Any CPU
		{7DB37DA4-8925-1A12-9299-5D1F6A3A54C5}.Release|Any CPU.Build.0 = Release|Any CPU
		{FE31B878-A9AF-CA9E-3DE6-DAEB1DC37FDF}.Debug|Any CPU.ActiveCfg = Debug|Any CPU
		{FE31B878-A9AF-CA9E-3DE6-DAEB1DC37FDF}.Debug|Any CPU.Build.0 = Debug|Any CPU
		{FE31B878-A9AF-CA9E-3DE6-DAEB1DC37FDF}.Release|Any CPU.ActiveCfg = Release|Any CPU
		{FE31B878-A9AF-CA9E-3DE6-DAEB1DC37FDF}.Release|Any CPU.Build.0 = Release|Any CPU
		{9C6F14C1-B867-A25D-0756-7AAF08AD40BF}.Debug|Any CPU.ActiveCfg = Debug|Any CPU
		{9C6F14C1-B867-A25D-0756-7AAF08AD40BF}.Debug|Any CPU.Build.0 = Debug|Any CPU
		{9C6F14C1-B867-A25D-0756-7AAF08AD40BF}.Release|Any CPU.ActiveCfg = Release|Any CPU
		{9C6F14C1-B867-A25D-0756-7AAF08AD40BF}.Release|Any CPU.Build.0 = Release|Any CPU
		{2B4CC3E2-D4BD-A0BB-DDC6-396D9A307781}.Debug|Any CPU.ActiveCfg = Debug|Any CPU
		{2B4CC3E2-D4BD-A0BB-DDC6-396D9A307781}.Debug|Any CPU.Build.0 = Debug|Any CPU
		{2B4CC3E2-D4BD-A0BB-DDC6-396D9A307781}.Release|Any CPU.ActiveCfg = Release|Any CPU
		{2B4CC3E2-D4BD-A0BB-DDC6-396D9A307781}.Release|Any CPU.Build.0 = Release|Any CPU
		{2E921EC3-09CA-221E-B22E-AC4F40CF4D7F}.Debug|Any CPU.ActiveCfg = Debug|Any CPU
		{2E921EC3-09CA-221E-B22E-AC4F40CF4D7F}.Debug|Any CPU.Build.0 = Debug|Any CPU
		{2E921EC3-09CA-221E-B22E-AC4F40CF4D7F}.Release|Any CPU.ActiveCfg = Release|Any CPU
		{2E921EC3-09CA-221E-B22E-AC4F40CF4D7F}.Release|Any CPU.Build.0 = Release|Any CPU
	EndGlobalSection
	GlobalSection(SolutionProperties) = preSolution
		HideSolutionNode = FALSE
	EndGlobalSection
	GlobalSection(NestedProjects) = preSolution
		{CE3F8608-FC11-D0E7-168E-A1FEAA9053EC} = {9620DEB7-9EDC-A275-A5A9-C1B625303503}
		{7DB37DA4-8925-1A12-9299-5D1F6A3A54C5} = {CE3F8608-FC11-D0E7-168E-A1FEAA9053EC}
		{FE31B878-A9AF-CA9E-3DE6-DAEB1DC37FDF} = {CE3F8608-FC11-D0E7-168E-A1FEAA9053EC}
		{1F41D984-9FBF-3FD1-1DFF-71C4B03510D0} = {9CBDF551-ECE9-1535-9666-85EF06FD5CF7}
		{7713884A-E1E4-6BEA-D5C4-7AD3689BC85B} = {1F41D984-9FBF-3FD1-1DFF-71C4B03510D0}
		{A14CBCD2-E1CF-110F-B941-8CEB2F0C71F3} = {7713884A-E1E4-6BEA-D5C4-7AD3689BC85B}
		{73F7AC09-A7ED-4C3C-6E80-9911E281E9A1} = {A14CBCD2-E1CF-110F-B941-8CEB2F0C71F3}
		{3F4CE773-E537-1D9A-8EFA-5BCF5C90933D} = {73F7AC09-A7ED-4C3C-6E80-9911E281E9A1}
		{307F37E1-D16F-565F-4623-0DDD3F1B16CF} = {3F4CE773-E537-1D9A-8EFA-5BCF5C90933D}
		{DAC3025E-B521-FCCC-0360-671E65AAB5E6} = {307F37E1-D16F-565F-4623-0DDD3F1B16CF}
		{28E11814-B4D3-9862-0DB2-540BC966AF91} = {DAC3025E-B521-FCCC-0360-671E65AAB5E6}
		{9C6F14C1-B867-A25D-0756-7AAF08AD40BF} = {28E11814-B4D3-9862-0DB2-540BC966AF91}
		{CE1F1051-83AC-60BB-94FB-BA54064B97D6} = {3F4CE773-E537-1D9A-8EFA-5BCF5C90933D}
		{0015B7BF-9860-F364-58B3-CCCA3422C757} = {CE1F1051-83AC-60BB-94FB-BA54064B97D6}
		{B31C7B31-8673-2ED6-4C8F-1332292547DA} = {0015B7BF-9860-F364-58B3-CCCA3422C757}
		{2B4CC3E2-D4BD-A0BB-DDC6-396D9A307781} = {B31C7B31-8673-2ED6-4C8F-1332292547DA}
		{CAA72980-A1B7-3018-941C-5DBD3DB83197} = {0015B7BF-9860-F364-58B3-CCCA3422C757}
		{2E921EC3-09CA-221E-B22E-AC4F40CF4D7F} = {CAA72980-A1B7-3018-941C-5DBD3DB83197}
	EndGlobalSection
	GlobalSection(ExtensibilityGlobals) = postSolution
		SolutionGuid = {90C65A37-1EEF-4B06-B94C-A87EBD613055}
	EndGlobalSection
EndGlobal
